
Microsoft Visual Studio Solution File, Format Version 12.00
# Visual Studio Version 17
VisualStudioVersion = 17.0.31903.59
MinimumVisualStudioVersion = 10.0.40219.1
Project("{FAE04EC0-301F-11D3-BF4B-00C04F79EFBC}") = "EATestFramework", "EATestFramework\EATestFramework.csproj", "{E0806D67-539F-45A1-9C1A-828E3D19AE41}"
EndProject
Project("{FAE04EC0-301F-11D3-BF4B-00C04F79EFBC}") = "EATestProject", "EATestProject\EATestProject.csproj", "{6959290B-D24D-4405-874E-930264529D74}"
EndProject
Project("{FAE04EC0-301F-11D3-BF4B-00C04F79EFBC}") = "EATestBDD", "EATestBDD\EATestBDD.csproj", "{91AAF699-0C83-45C5-B37C-AA0BBFF44DF3}"
EndProject
Project("{FAE04EC0-301F-11D3-BF4B-00C04F79EFBC}") = "ProductAPI", "ProductAPI\ProductAPI.csproj", "{CF475DD7-ED9A-4153-B4F4-C29BD617B059}"
EndProject
Project("{FAE04EC0-301F-11D3-BF4B-00C04F79EFBC}") = "EAWebApp", "EAWebApp\EAWebApp.csproj", "{2A38748D-8FD9-43B3-A8D0-3C8CFE2BA3D6}"
EndProject
Project("{FAE04EC0-301F-11D3-BF4B-00C04F79EFBC}") = "EAIntegrationTest", "EAIntegrationTest\EAIntegrationTest.csproj", "{95DDDD36-565E-4778-A7A7-1F234A26BFEE}"
EndProject
Global
	GlobalSection(SolutionConfigurationPlatforms) = preSolution
		Debug|Any CPU = Debug|Any CPU
		Debug|x64 = Debug|x64
		Debug|x86 = Debug|x86
		Release|Any CPU = Release|Any CPU
		Release|x64 = Release|x64
		Release|x86 = Release|x86
	EndGlobalSection
	GlobalSection(ProjectConfigurationPlatforms) = postSolution
		{E0806D67-539F-45A1-9C1A-828E3D19AE41}.Debug|Any CPU.ActiveCfg = Debug|Any CPU
		{E0806D67-539F-45A1-9C1A-828E3D19AE41}.Debug|Any CPU.Build.0 = Debug|Any CPU
		{E0806D67-539F-45A1-9C1A-828E3D19AE41}.Debug|x64.ActiveCfg = Debug|Any CPU
		{E0806D67-539F-45A1-9C1A-828E3D19AE41}.Debug|x64.Build.0 = Debug|Any CPU
		{E0806D67-539F-45A1-9C1A-828E3D19AE41}.Debug|x86.ActiveCfg = Debug|Any CPU
		{E0806D67-539F-45A1-9C1A-828E3D19AE41}.Debug|x86.Build.0 = Debug|Any CPU
		{E0806D67-539F-45A1-9C1A-828E3D19AE41}.Release|Any CPU.ActiveCfg = Release|Any CPU
		{E0806D67-539F-45A1-9C1A-828E3D19AE41}.Release|Any CPU.Build.0 = Release|Any CPU
		{E0806D67-539F-45A1-9C1A-828E3D19AE41}.Release|x64.ActiveCfg = Release|Any CPU
		{E0806D67-539F-45A1-9C1A-828E3D19AE41}.Release|x64.Build.0 = Release|Any CPU
		{E0806D67-539F-45A1-9C1A-828E3D19AE41}.Release|x86.ActiveCfg = Release|Any CPU
		{E0806D67-539F-45A1-9C1A-828E3D19AE41}.Release|x86.Build.0 = Release|Any CPU
		{6959290B-D24D-4405-874E-930264529D74}.Debug|Any CPU.ActiveCfg = Debug|Any CPU
		{6959290B-D24D-4405-874E-930264529D74}.Debug|Any CPU.Build.0 = Debug|Any CPU
		{6959290B-D24D-4405-874E-930264529D74}.Debug|x64.ActiveCfg = Debug|Any CPU
		{6959290B-D24D-4405-874E-930264529D74}.Debug|x64.Build.0 = Debug|Any CPU
		{6959290B-D24D-4405-874E-930264529D74}.Debug|x86.ActiveCfg = Debug|Any CPU
		{6959290B-D24D-4405-874E-930264529D74}.Debug|x86.Build.0 = Debug|Any CPU
		{6959290B-D24D-4405-874E-930264529D74}.Release|Any CPU.ActiveCfg = Release|Any CPU
		{6959290B-D24D-4405-874E-930264529D74}.Release|Any CPU.Build.0 = Release|Any CPU
		{6959290B-D24D-4405-874E-930264529D74}.Release|x64.ActiveCfg = Release|Any CPU
		{6959290B-D24D-4405-874E-930264529D74}.Release|x64.Build.0 = Release|Any CPU
		{6959290B-D24D-4405-874E-930264529D74}.Release|x86.ActiveCfg = Release|Any CPU
		{6959290B-D24D-4405-874E-930264529D74}.Release|x86.Build.0 = Release|Any CPU
		{91AAF699-0C83-45C5-B37C-AA0BBFF44DF3}.Debug|Any CPU.ActiveCfg = Debug|Any CPU
		{91AAF699-0C83-45C5-B37C-AA0BBFF44DF3}.Debug|Any CPU.Build.0 = Debug|Any CPU
		{91AAF699-0C83-45C5-B37C-AA0BBFF44DF3}.Debug|x64.ActiveCfg = Debug|Any CPU
		{91AAF699-0C83-45C5-B37C-AA0BBFF44DF3}.Debug|x64.Build.0 = Debug|Any CPU
		{91AAF699-0C83-45C5-B37C-AA0BBFF44DF3}.Debug|x86.ActiveCfg = Debug|Any CPU
		{91AAF699-0C83-45C5-B37C-AA0BBFF44DF3}.Debug|x86.Build.0 = Debug|Any CPU
		{91AAF699-0C83-45C5-B37C-AA0BBFF44DF3}.Release|Any CPU.ActiveCfg = Release|Any CPU
		{91AAF699-0C83-45C5-B37C-AA0BBFF44DF3}.Release|Any CPU.Build.0 = Release|Any CPU
		{91AAF699-0C83-45C5-B37C-AA0BBFF44DF3}.Release|x64.ActiveCfg = Release|Any CPU
		{91AAF699-0C83-45C5-B37C-AA0BBFF44DF3}.Release|x64.Build.0 = Release|Any CPU
		{91AAF699-0C83-45C5-B37C-AA0BBFF44DF3}.Release|x86.ActiveCfg = Release|Any CPU
		{91AAF699-0C83-45C5-B37C-AA0BBFF44DF3}.Release|x86.Build.0 = Release|Any CPU
		{CF475DD7-ED9A-4153-B4F4-C29BD617B059}.Debug|Any CPU.ActiveCfg = Debug|Any CPU
		{CF475DD7-ED9A-4153-B4F4-C29BD617B059}.Debug|Any CPU.Build.0 = Debug|Any CPU
		{CF475DD7-ED9A-4153-B4F4-C29BD617B059}.Debug|x64.ActiveCfg = Debug|Any CPU
		{CF475DD7-ED9A-4153-B4F4-C29BD617B059}.Debug|x64.Build.0 = Debug|Any CPU
		{CF475DD7-ED9A-4153-B4F4-C29BD617B059}.Debug|x86.ActiveCfg = Debug|Any CPU
		{CF475DD7-ED9A-4153-B4F4-C29BD617B059}.Debug|x86.Build.0 = Debug|Any CPU
		{CF475DD7-ED9A-4153-B4F4-C29BD617B059}.Release|Any CPU.ActiveCfg = Release|Any CPU
		{CF475DD7-ED9A-4153-B4F4-C29BD617B059}.Release|Any CPU.Build.0 = Release|Any CPU
		{CF475DD7-ED9A-4153-B4F4-C29BD617B059}.Release|x64.ActiveCfg = Release|Any CPU
		{CF475DD7-ED9A-4153-B4F4-C29BD617B059}.Release|x64.Build.0 = Release|Any CPU
		{CF475DD7-ED9A-4153-B4F4-C29BD617B059}.Release|x86.ActiveCfg = Release|Any CPU
		{CF475DD7-ED9A-4153-B4F4-C29BD617B059}.Release|x86.Build.0 = Release|Any CPU
		{2A38748D-8FD9-43B3-A8D0-3C8CFE2BA3D6}.Debug|Any CPU.ActiveCfg = Debug|Any CPU
		{2A38748D-8FD9-43B3-A8D0-3C8CFE2BA3D6}.Debug|Any CPU.Build.0 = Debug|Any CPU
		{2A38748D-8FD9-43B3-A8D0-3C8CFE2BA3D6}.Debug|x64.ActiveCfg = Debug|Any CPU
		{2A38748D-8FD9-43B3-A8D0-3C8CFE2BA3D6}.Debug|x64.Build.0 = Debug|Any CPU
		{2A38748D-8FD9-43B3-A8D0-3C8CFE2BA3D6}.Debug|x86.ActiveCfg = Debug|Any CPU
		{2A38748D-8FD9-43B3-A8D0-3C8CFE2BA3D6}.Debug|x86.Build.0 = Debug|Any CPU
		{2A38748D-8FD9-43B3-A8D0-3C8CFE2BA3D6}.Release|Any CPU.ActiveCfg = Release|Any CPU
		{2A38748D-8FD9-43B3-A8D0-3C8CFE2BA3D6}.Release|Any CPU.Build.0 = Release|Any CPU
		{2A38748D-8FD9-43B3-A8D0-3C8CFE2BA3D6}.Release|x64.ActiveCfg = Release|Any CPU
		{2A38748D-8FD9-43B3-A8D0-3C8CFE2BA3D6}.Release|x64.Build.0 = Release|Any CPU
		{2A38748D-8FD9-43B3-A8D0-3C8CFE2BA3D6}.Release|x86.ActiveCfg = Release|Any CPU
		{2A38748D-8FD9-43B3-A8D0-3C8CFE2BA3D6}.Release|x86.Build.0 = Release|Any CPU
		{95DDDD36-565E-4778-A7A7-1F234A26BFEE}.Debug|Any CPU.ActiveCfg = Debug|Any CPU
		{95DDDD36-565E-4778-A7A7-1F234A26BFEE}.Debug|Any CPU.Build.0 = Debug|Any CPU
		{95DDDD36-565E-4778-A7A7-1F234A26BFEE}.Debug|x64.ActiveCfg = Debug|Any CPU
		{95DDDD36-565E-4778-A7A7-1F234A26BFEE}.Debug|x64.Build.0 = Debug|Any CPU
		{95DDDD36-565E-4778-A7A7-1F234A26BFEE}.Debug|x86.ActiveCfg = Debug|Any CPU
		{95DDDD36-565E-4778-A7A7-1F234A26BFEE}.Debug|x86.Build.0 = Debug|Any CPU
		{95DDDD36-565E-4778-A7A7-1F234A26BFEE}.Release|Any CPU.ActiveCfg = Release|Any CPU
		{95DDDD36-565E-4778-A7A7-1F234A26BFEE}.Release|Any CPU.Build.0 = Release|Any CPU
		{95DDDD36-565E-4778-A7A7-1F234A26BFEE}.Release|x64.ActiveCfg = Release|Any CPU
		{95DDDD36-565E-4778-A7A7-1F234A26BFEE}.Release|x64.Build.0 = Release|Any CPU
		{95DDDD36-565E-4778-A7A7-1F234A26BFEE}.Release|x86.ActiveCfg = Release|Any CPU
		{95DDDD36-565E-4778-A7A7-1F234A26BFEE}.Release|x86.Build.0 = Release|Any CPU
	EndGlobalSection
	GlobalSection(SolutionProperties) = preSolution
		HideSolutionNode = FALSE
	EndGlobalSection
EndGlobal
